// !$*UTF8*$!
{
	archiveVersion = 1;
	classes = {
	};
	objectVersion = 46;
	objects = {

/* Begin PBXBuildFile section */
		2FC3BA601C77D279000B034A /* AppDelegate.swift in Sources */ = {isa = PBXBuildFile; fileRef = 2FC3BA5F1C77D279000B034A /* AppDelegate.swift */; };
		2FC3BA631C77D279000B034A /* RemindMe.xcdatamodeld in Sources */ = {isa = PBXBuildFile; fileRef = 2FC3BA611C77D279000B034A /* RemindMe.xcdatamodeld */; };
		2FC3BA651C77D279000B034A /* ViewController.swift in Sources */ = {isa = PBXBuildFile; fileRef = 2FC3BA641C77D279000B034A /* ViewController.swift */; };
		2FC3BA681C77D279000B034A /* Main.storyboard in Resources */ = {isa = PBXBuildFile; fileRef = 2FC3BA661C77D279000B034A /* Main.storyboard */; };
		2FC3BA6A1C77D279000B034A /* Images.xcassets in Resources */ = {isa = PBXBuildFile; fileRef = 2FC3BA691C77D279000B034A /* Images.xcassets */; };
		2FC3BA6D1C77D279000B034A /* LaunchScreen.xib in Resources */ = {isa = PBXBuildFile; fileRef = 2FC3BA6B1C77D279000B034A /* LaunchScreen.xib */; };
		2FC3BA791C77D279000B034A /* RemindMeTests.swift in Sources */ = {isa = PBXBuildFile; fileRef = 2FC3BA781C77D279000B034A /* RemindMeTests.swift */; };
		753769201C7AEA8000424B97 /* Reminder.swift in Sources */ = {isa = PBXBuildFile; fileRef = 7537691F1C7AEA8000424B97 /* Reminder.swift */; };
		753769211C7AEA8000424B97 /* Reminder.swift in Sources */ = {isa = PBXBuildFile; fileRef = 7537691F1C7AEA8000424B97 /* Reminder.swift */; };
		753769231C7AF16600424B97 /* ReminderTableViewCell.swift in Sources */ = {isa = PBXBuildFile; fileRef = 753769221C7AF16600424B97 /* ReminderTableViewCell.swift */; };
		753769241C7AF16600424B97 /* ReminderTableViewCell.swift in Sources */ = {isa = PBXBuildFile; fileRef = 753769221C7AF16600424B97 /* ReminderTableViewCell.swift */; };
		753769291C7B72AF00424B97 /* ViewControllerB.swift in Sources */ = {isa = PBXBuildFile; fileRef = 753769281C7B72AF00424B97 /* ViewControllerB.swift */; };
		7537692A1C7B72AF00424B97 /* ViewControllerB.swift in Sources */ = {isa = PBXBuildFile; fileRef = 753769281C7B72AF00424B97 /* ViewControllerB.swift */; };
		7537692F1C7C082500424B97 /* ReminderTableController.swift in Sources */ = {isa = PBXBuildFile; fileRef = 7537692E1C7C082500424B97 /* ReminderTableController.swift */; };
/* End PBXBuildFile section */

/* Begin PBXContainerItemProxy section */
		2FC3BA731C77D279000B034A /* PBXContainerItemProxy */ = {
			isa = PBXContainerItemProxy;
			containerPortal = 2FC3BA521C77D279000B034A /* Project object */;
			proxyType = 1;
			remoteGlobalIDString = 2FC3BA591C77D279000B034A;
			remoteInfo = RemindMe;
		};
/* End PBXContainerItemProxy section */

/* Begin PBXFileReference section */
		2FC3BA5A1C77D279000B034A /* RemindMe.app */ = {isa = PBXFileReference; explicitFileType = wrapper.application; includeInIndex = 0; path = RemindMe.app; sourceTree = BUILT_PRODUCTS_DIR; };
		2FC3BA5E1C77D279000B034A /* Info.plist */ = {isa = PBXFileReference; lastKnownFileType = text.plist.xml; path = Info.plist; sourceTree = "<group>"; };
		2FC3BA5F1C77D279000B034A /* AppDelegate.swift */ = {isa = PBXFileReference; lastKnownFileType = sourcecode.swift; path = AppDelegate.swift; sourceTree = "<group>"; };
		2FC3BA621C77D279000B034A /* RemindMe.xcdatamodel */ = {isa = PBXFileReference; lastKnownFileType = wrapper.xcdatamodel; path = RemindMe.xcdatamodel; sourceTree = "<group>"; };
		2FC3BA641C77D279000B034A /* ViewController.swift */ = {isa = PBXFileReference; lastKnownFileType = sourcecode.swift; path = ViewController.swift; sourceTree = "<group>"; };
		2FC3BA671C77D279000B034A /* Base */ = {isa = PBXFileReference; lastKnownFileType = file.storyboard; name = Base; path = Base.lproj/Main.storyboard; sourceTree = "<group>"; };
		2FC3BA691C77D279000B034A /* Images.xcassets */ = {isa = PBXFileReference; lastKnownFileType = folder.assetcatalog; path = Images.xcassets; sourceTree = "<group>"; };
		2FC3BA6C1C77D279000B034A /* Base */ = {isa = PBXFileReference; lastKnownFileType = file.xib; name = Base; path = Base.lproj/LaunchScreen.xib; sourceTree = "<group>"; };
		2FC3BA721C77D279000B034A /* RemindMeTests.xctest */ = {isa = PBXFileReference; explicitFileType = wrapper.cfbundle; includeInIndex = 0; path = RemindMeTests.xctest; sourceTree = BUILT_PRODUCTS_DIR; };
		2FC3BA771C77D279000B034A /* Info.plist */ = {isa = PBXFileReference; lastKnownFileType = text.plist.xml; path = Info.plist; sourceTree = "<group>"; };
		2FC3BA781C77D279000B034A /* RemindMeTests.swift */ = {isa = PBXFileReference; lastKnownFileType = sourcecode.swift; path = RemindMeTests.swift; sourceTree = "<group>"; };
		7537691F1C7AEA8000424B97 /* Reminder.swift */ = {isa = PBXFileReference; fileEncoding = 4; lastKnownFileType = sourcecode.swift; path = Reminder.swift; sourceTree = "<group>"; };
		753769221C7AF16600424B97 /* ReminderTableViewCell.swift */ = {isa = PBXFileReference; fileEncoding = 4; lastKnownFileType = sourcecode.swift; path = ReminderTableViewCell.swift; sourceTree = "<group>"; };
		753769281C7B72AF00424B97 /* ViewControllerB.swift */ = {isa = PBXFileReference; fileEncoding = 4; lastKnownFileType = sourcecode.swift; path = ViewControllerB.swift; sourceTree = "<group>"; };
		7537692E1C7C082500424B97 /* ReminderTableController.swift */ = {isa = PBXFileReference; fileEncoding = 4; lastKnownFileType = sourcecode.swift; name = ReminderTableController.swift; path = ../ReminderTableController.swift; sourceTree = "<group>"; };
/* End PBXFileReference section */

/* Begin PBXFrameworksBuildPhase section */
		2FC3BA571C77D279000B034A /* Frameworks */ = {
			isa = PBXFrameworksBuildPhase;
			buildActionMask = 2147483647;
			files = (
			);
			runOnlyForDeploymentPostprocessing = 0;
		};
		2FC3BA6F1C77D279000B034A /* Frameworks */ = {
			isa = PBXFrameworksBuildPhase;
			buildActionMask = 2147483647;
			files = (
			);
			runOnlyForDeploymentPostprocessing = 0;
		};
/* End PBXFrameworksBuildPhase section */

/* Begin PBXGroup section */
		2FC3BA511C77D279000B034A = {
			isa = PBXGroup;
			children = (
				2FC3BA5C1C77D279000B034A /* RemindMe */,
				2FC3BA751C77D279000B034A /* RemindMeTests */,
				2FC3BA5B1C77D279000B034A /* Products */,
			);
			sourceTree = "<group>";
		};
		2FC3BA5B1C77D279000B034A /* Products */ = {
			isa = PBXGroup;
			children = (
				2FC3BA5A1C77D279000B034A /* RemindMe.app */,
				2FC3BA721C77D279000B034A /* RemindMeTests.xctest */,
			);
			name = Products;
			sourceTree = "<group>";
		};
		2FC3BA5C1C77D279000B034A /* RemindMe */ = {
			isa = PBXGroup;
			children = (
				7537692E1C7C082500424B97 /* ReminderTableController.swift */,
				2FC3BA5F1C77D279000B034A /* AppDelegate.swift */,
				2FC3BA641C77D279000B034A /* ViewController.swift */,
				7537691F1C7AEA8000424B97 /* Reminder.swift */,
				753769221C7AF16600424B97 /* ReminderTableViewCell.swift */,
				2FC3BA661C77D279000B034A /* Main.storyboard */,
				753769281C7B72AF00424B97 /* ViewControllerB.swift */,
				2FC3BA691C77D279000B034A /* Images.xcassets */,
				2FC3BA6B1C77D279000B034A /* LaunchScreen.xib */,
				2FC3BA611C77D279000B034A /* RemindMe.xcdatamodeld */,
				2FC3BA5D1C77D279000B034A /* Supporting Files */,
			);
			path = RemindMe;
			sourceTree = "<group>";
		};
		2FC3BA5D1C77D279000B034A /* Supporting Files */ = {
			isa = PBXGroup;
			children = (
				2FC3BA5E1C77D279000B034A /* Info.plist */,
			);
			name = "Supporting Files";
			sourceTree = "<group>";
		};
		2FC3BA751C77D279000B034A /* RemindMeTests */ = {
			isa = PBXGroup;
			children = (
				2FC3BA781C77D279000B034A /* RemindMeTests.swift */,
				2FC3BA761C77D279000B034A /* Supporting Files */,
			);
			path = RemindMeTests;
			sourceTree = "<group>";
		};
		2FC3BA761C77D279000B034A /* Supporting Files */ = {
			isa = PBXGroup;
			children = (
				2FC3BA771C77D279000B034A /* Info.plist */,
			);
			name = "Supporting Files";
			sourceTree = "<group>";
		};
/* End PBXGroup section */

/* Begin PBXNativeTarget section */
		2FC3BA591C77D279000B034A /* RemindMe */ = {
			isa = PBXNativeTarget;
			buildConfigurationList = 2FC3BA7C1C77D279000B034A /* Build configuration list for PBXNativeTarget "RemindMe" */;
			buildPhases = (
				2FC3BA561C77D279000B034A /* Sources */,
				2FC3BA571C77D279000B034A /* Frameworks */,
				2FC3BA581C77D279000B034A /* Resources */,
			);
			buildRules = (
			);
			dependencies = (
			);
			name = RemindMe;
			productName = RemindMe;
			productReference = 2FC3BA5A1C77D279000B034A /* RemindMe.app */;
			productType = "com.apple.product-type.application";
		};
		2FC3BA711C77D279000B034A /* RemindMeTests */ = {
			isa = PBXNativeTarget;
			buildConfigurationList = 2FC3BA7F1C77D279000B034A /* Build configuration list for PBXNativeTarget "RemindMeTests" */;
			buildPhases = (
				2FC3BA6E1C77D279000B034A /* Sources */,
				2FC3BA6F1C77D279000B034A /* Frameworks */,
				2FC3BA701C77D279000B034A /* Resources */,
			);
			buildRules = (
			);
			dependencies = (
				2FC3BA741C77D279000B034A /* PBXTargetDependency */,
			);
			name = RemindMeTests;
			productName = RemindMeTests;
			productReference = 2FC3BA721C77D279000B034A /* RemindMeTests.xctest */;
			productType = "com.apple.product-type.bundle.unit-test";
		};
/* End PBXNativeTarget section */

/* Begin PBXProject section */
		2FC3BA521C77D279000B034A /* Project object */ = {
			isa = PBXProject;
			attributes = {
				LastSwiftUpdateCheck = 0720;
				LastUpgradeCheck = 0610;
				ORGANIZATIONNAME = "Tyler Robinson";
				TargetAttributes = {
					2FC3BA591C77D279000B034A = {
						CreatedOnToolsVersion = 6.1.1;
					};
					2FC3BA711C77D279000B034A = {
						CreatedOnToolsVersion = 6.1.1;
						TestTargetID = 2FC3BA591C77D279000B034A;
					};
				};
			};
			buildConfigurationList = 2FC3BA551C77D279000B034A /* Build configuration list for PBXProject "RemindMe" */;
			compatibilityVersion = "Xcode 3.2";
			developmentRegion = English;
			hasScannedForEncodings = 0;
			knownRegions = (
				en,
				Base,
			);
			mainGroup = 2FC3BA511C77D279000B034A;
			productRefGroup = 2FC3BA5B1C77D279000B034A /* Products */;
			projectDirPath = "";
			projectRoot = "";
			targets = (
				2FC3BA591C77D279000B034A /* RemindMe */,
				2FC3BA711C77D279000B034A /* RemindMeTests */,
			);
		};
/* End PBXProject section */

/* Begin PBXResourcesBuildPhase section */
		2FC3BA581C77D279000B034A /* Resources */ = {
			isa = PBXResourcesBuildPhase;
			buildActionMask = 2147483647;
			files = (
				2FC3BA681C77D279000B034A /* Main.storyboard in Resources */,
				2FC3BA6D1C77D279000B034A /* LaunchScreen.xib in Resources */,
				2FC3BA6A1C77D279000B034A /* Images.xcassets in Resources */,
			);
			runOnlyForDeploymentPostprocessing = 0;
		};
		2FC3BA701C77D279000B034A /* Resources */ = {
			isa = PBXResourcesBuildPhase;
			buildActionMask = 2147483647;
			files = (
			);
			runOnlyForDeploymentPostprocessing = 0;
		};
/* End PBXResourcesBuildPhase section */

/* Begin PBXSourcesBuildPhase section */
		2FC3BA561C77D279000B034A /* Sources */ = {
			isa = PBXSourcesBuildPhase;
			buildActionMask = 2147483647;
			files = (
				2FC3BA651C77D279000B034A /* ViewController.swift in Sources */,
				2FC3BA631C77D279000B034A /* RemindMe.xcdatamodeld in Sources */,
				7537692F1C7C082500424B97 /* ReminderTableController.swift in Sources */,
				2FC3BA601C77D279000B034A /* AppDelegate.swift in Sources */,
				753769291C7B72AF00424B97 /* ViewControllerB.swift in Sources */,
				753769201C7AEA8000424B97 /* Reminder.swift in Sources */,
				753769231C7AF16600424B97 /* ReminderTableViewCell.swift in Sources */,
			);
			runOnlyForDeploymentPostprocessing = 0;
		};
		2FC3BA6E1C77D279000B034A /* Sources */ = {
			isa = PBXSourcesBuildPhase;
			buildActionMask = 2147483647;
			files = (
				2FC3BA791C77D279000B034A /* RemindMeTests.swift in Sources */,
				753769241C7AF16600424B97 /* ReminderTableViewCell.swift in Sources */,
				753769211C7AEA8000424B97 /* Reminder.swift in Sources */,
				7537692A1C7B72AF00424B97 /* ViewControllerB.swift in Sources */,
			);
			runOnlyForDeploymentPostprocessing = 0;
		};
/* End PBXSourcesBuildPhase section */

/* Begin PBXTargetDependency section */
		2FC3BA741C77D279000B034A /* PBXTargetDependency */ = {
			isa = PBXTargetDependency;
			target = 2FC3BA591C77D279000B034A /* RemindMe */;
			targetProxy = 2FC3BA731C77D279000B034A /* PBXContainerItemProxy */;
		};
/* End PBXTargetDependency section */

/* Begin PBXVariantGroup section */
		2FC3BA661C77D279000B034A /* Main.storyboard */ = {
			isa = PBXVariantGroup;
			children = (
				2FC3BA671C77D279000B034A /* Base */,
			);
			name = Main.storyboard;
			sourceTree = "<group>";
		};
		2FC3BA6B1C77D279000B034A /* LaunchScreen.xib */ = {
			isa = PBXVariantGroup;
			children = (
				2FC3BA6C1C77D279000B034A /* Base */,
			);
			name = LaunchScreen.xib;
			sourceTree = "<group>";
		};
/* End PBXVariantGroup section */

/* Begin XCBuildConfiguration section */
		2FC3BA7A1C77D279000B034A /* Debug */ = {
			isa = XCBuildConfiguration;
			buildSettings = {
				ALWAYS_SEARCH_USER_PATHS = NO;
				CLANG_CXX_LANGUAGE_STANDARD = "gnu++0x";
				CLANG_CXX_LIBRARY = "libc++";
				CLANG_ENABLE_MODULES = YES;
				CLANG_ENABLE_OBJC_ARC = YES;
				CLANG_WARN_BOOL_CONVERSION = YES;
				CLANG_WARN_CONSTANT_CONVERSION = YES;
				CLANG_WARN_DIRECT_OBJC_ISA_USAGE = YES_ERROR;
				CLANG_WARN_EMPTY_BODY = YES;
				CLANG_WARN_ENUM_CONVERSION = YES;
				CLANG_WARN_INT_CONVERSION = YES;
				CLANG_WARN_OBJC_ROOT_CLASS = YES_ERROR;
				CLANG_WARN_UNREACHABLE_CODE = YES;
				CLANG_WARN__DUPLICATE_METHOD_MATCH = YES;
				"CODE_SIGN_IDENTITY[sdk=iphoneos*]" = "iPhone Developer";
				COPY_PHASE_STRIP = NO;
				ENABLE_STRICT_OBJC_MSGSEND = YES;
				GCC_C_LANGUAGE_STANDARD = gnu99;
				GCC_DYNAMIC_NO_PIC = NO;
				GCC_OPTIMIZATION_LEVEL = 0;
				GCC_PREPROCESSOR_DEFINITIONS = (
					"DEBUG=1",
					"$(inherited)",
				);
				GCC_SYMBOLS_PRIVATE_EXTERN = NO;
				GCC_WARN_64_TO_32_BIT_CONVERSION = YES;
				GCC_WARN_ABOUT_RETURN_TYPE = YES_ERROR;
				GCC_WARN_UNDECLARED_SELECTOR = YES;
				GCC_WARN_UNINITIALIZED_AUTOS = YES_AGGRESSIVE;
				GCC_WARN_UNUSED_FUNCTION = YES;
				GCC_WARN_UNUSED_VARIABLE = YES;
				IPHONEOS_DEPLOYMENT_TARGET = 8.1;
				MTL_ENABLE_DEBUG_INFO = YES;
				ONLY_ACTIVE_ARCH = YES;
				SDKROOT = iphoneos;
				SWIFT_OPTIMIZATION_LEVEL = "-Onone";
			};
			name = Debug;
		};
		2FC3BA7B1C77D279000B034A /* Release */ = {
			isa = XCBuildConfiguration;
			buildSettings = {
				ALWAYS_SEARCH_USER_PATHS = NO;
				CLANG_CXX_LANGUAGE_STANDARD = "gnu++0x";
				CLANG_CXX_LIBRARY = "libc++";
				CLANG_ENABLE_MODULES = YES;
				CLANG_ENABLE_OBJC_ARC = YES;
				CLANG_WARN_BOOL_CONVERSION = YES;
				CLANG_WARN_CONSTANT_CONVERSION = YES;
				CLANG_WARN_DIRECT_OBJC_ISA_USAGE = YES_ERROR;
				CLANG_WARN_EMPTY_BODY = YES;
				CLANG_WARN_ENUM_CONVERSION = YES;
				CLANG_WARN_INT_CONVERSION = YES;
				CLANG_WARN_OBJC_ROOT_CLASS = YES_ERROR;
				CLANG_WARN_UNREACHABLE_CODE = YES;
				CLANG_WARN__DUPLICATE_METHOD_MATCH = YES;
				"CODE_SIGN_IDENTITY[sdk=iphoneos*]" = "iPhone Developer";
				COPY_PHASE_STRIP = YES;
				ENABLE_NS_ASSERTIONS = NO;
				ENABLE_STRICT_OBJC_MSGSEND = YES;
				GCC_C_LANGUAGE_STANDARD = gnu99;
				GCC_WARN_64_TO_32_BIT_CONVERSION = YES;
				GCC_WARN_ABOUT_RETURN_TYPE = YES_ERROR;
				GCC_WARN_UNDECLARED_SELECTOR = YES;
				GCC_WARN_UNINITIALIZED_AUTOS = YES_AGGRESSIVE;
				GCC_WARN_UNUSED_FUNCTION = YES;
				GCC_WARN_UNUSED_VARIABLE = YES;
				IPHONEOS_DEPLOYMENT_TARGET = 8.1;
				MTL_ENABLE_DEBUG_INFO = NO;
				SDKROOT = iphoneos;
				VALIDATE_PRODUCT = YES;
			};
			name = Release;
		};
		2FC3BA7D1C77D279000B034A /* Debug */ = {
			isa = XCBuildConfiguration;
			buildSettings = {
				ASSETCATALOG_COMPILER_APPICON_NAME = AppIcon;
				INFOPLIST_FILE = RemindMe/Info.plist;
				LD_RUNPATH_SEARCH_PATHS = "$(inherited) @executable_path/Frameworks";
				PRODUCT_NAME = "$(TARGET_NAME)";
			};
			name = Debug;
		};
		2FC3BA7E1C77D279000B034A /* Release */ = {
			isa = XCBuildConfiguration;
			buildSettings = {
				ASSETCATALOG_COMPILER_APPICON_NAME = AppIcon;
				INFOPLIST_FILE = RemindMe/Info.plist;
				LD_RUNPATH_SEARCH_PATHS = "$(inherited) @executable_path/Frameworks";
				PRODUCT_NAME = "$(TARGET_NAME)";
			};
			name = Release;
		};
		2FC3BA801C77D279000B034A /* Debug */ = {
			isa = XCBuildConfiguration;
			buildSettings = {
				BUNDLE_LOADER = "$(TEST_HOST)";
				FRAMEWORK_SEARCH_PATHS = (
					"$(SDKROOT)/Developer/Library/Frameworks",
					"$(inherited)",
				);
				GCC_PREPROCESSOR_DEFINITIONS = (
					"DEBUG=1",
					"$(inherited)",
				);
				INFOPLIST_FILE = RemindMeTests/Info.plist;
				LD_RUNPATH_SEARCH_PATHS = "$(inherited) @executable_path/Frameworks @loader_path/Frameworks";
				PRODUCT_NAME = "$(TARGET_NAME)";
				TEST_HOST = "$(BUILT_PRODUCTS_DIR)/RemindMe.app/RemindMe";
			};
			name = Debug;
		};
		2FC3BA811C77D279000B034A /* Release */ = {
			isa = XCBuildConfiguration;
			buildSettings = {
				BUNDLE_LOADER = "$(TEST_HOST)";
				FRAMEWORK_SEARCH_PATHS = (
					"$(SDKROOT)/Developer/Library/Frameworks",
					"$(inherited)",
				);
				INFOPLIST_FILE = RemindMeTests/Info.plist;
				LD_RUNPATH_SEARCH_PATHS = "$(inherited) @executable_path/Frameworks @loader_path/Frameworks";
				PRODUCT_NAME = "$(TARGET_NAME)";
				TEST_HOST = "$(BUILT_PRODUCTS_DIR)/RemindMe.app/RemindMe";
			};
			name = Release;
		};
/* End XCBuildConfiguration section */

/* Begin XCConfigurationList section */
		2FC3BA551C77D279000B034A /* Build configuration list for PBXProject "RemindMe" */ = {
			isa = XCConfigurationList;
			buildConfigurations = (
				2FC3BA7A1C77D279000B034A /* Debug */,
				2FC3BA7B1C77D279000B034A /* Release */,
			);
			defaultConfigurationIsVisible = 0;
			defaultConfigurationName = Release;
		};
		2FC3BA7C1C77D279000B034A /* Build configuration list for PBXNativeTarget "RemindMe" */ = {
			isa = XCConfigurationList;
			buildConfigurations = (
				2FC3BA7D1C77D279000B034A /* Debug */,
				2FC3BA7E1C77D279000B034A /* Release */,
			);
			defaultConfigurationIsVisible = 0;
			defaultConfigurationName = Release;
		};
		2FC3BA7F1C77D279000B034A /* Build configuration list for PBXNativeTarget "RemindMeTests" */ = {
			isa = XCConfigurationList;
			buildConfigurations = (
				2FC3BA801C77D279000B034A /* Debug */,
				2FC3BA811C77D279000B034A /* Release */,
			);
			defaultConfigurationIsVisible = 0;
			defaultConfigurationName = Release;
		};
/* End XCConfigurationList section */

/* Begin XCVersionGroup section */
		2FC3BA611C77D279000B034A /* RemindMe.xcdatamodeld */ = {
			isa = XCVersionGroup;
			children = (
				2FC3BA621C77D279000B034A /* RemindMe.xcdatamodel */,
			);
			currentVersion = 2FC3BA621C77D279000B034A /* RemindMe.xcdatamodel */;
			path = RemindMe.xcdatamodeld;
			sourceTree = "<group>";
			versionGroupType = wrapper.xcdatamodel;
		};
/* End XCVersionGroup section */
	};
	rootObject = 2FC3BA521C77D279000B034A /* Project object */;
}
